
Microsoft Visual Studio Solution File, Format Version 12.00
# Visual Studio 15
Project("{FAE04EC0-301F-11D3-BF4B-00C04F79EFBC}") = "Oculus.Interaction.Editor", "Oculus.Interaction.Editor.csproj", "{51CD27BD-2599-0011-8929-02D9359959FA}"
EndProject
Project("{FAE04EC0-301F-11D3-BF4B-00C04F79EFBC}") = "Meta.WitAi.Conduit", "Meta.WitAi.Conduit.csproj", "{CA389F89-E9F8-8882-299B-619C9BDC0C75}"
EndProject
Project("{FAE04EC0-301F-11D3-BF4B-00C04F79EFBC}") = "Oculus.VR", "Oculus.VR.csproj", "{8EF64184-3D16-782C-1A57-E4C5EA1E3678}"
EndProject
Project("{FAE04EC0-301F-11D3-BF4B-00C04F79EFBC}") = "Oculus.Interaction", "Oculus.Interaction.csproj", "{7786CF15-81F7-F9C4-7E0B-8C35A0B320BF}"
EndProject
Project("{FAE04EC0-301F-11D3-BF4B-00C04F79EFBC}") = "Meta.Voice.Samples.ShapesConduit", "Meta.Voice.Samples.ShapesConduit.csproj", "{A3EE4A3F-37F1-ECDD-7BC6-E2B9D9C327D0}"
EndProject
Project("{FAE04EC0-301F-11D3-BF4B-00C04F79EFBC}") = "Meta.WitAi.Editor", "Meta.WitAi.Editor.csproj", "{7DB4F9D4-CEAA-4A99-21C7-BB2CDF5ED906}"
EndProject
Project("{FAE04EC0-301F-11D3-BF4B-00C04F79EFBC}") = "Oculus.Platform", "Oculus.Platform.csproj", "{A221EFC1-794A-C1AE-55F0-C9C5E9284DAE}"
EndProject
Project("{FAE04EC0-301F-11D3-BF4B-00C04F79EFBC}") = "VoiceSDK.Telemetry", "VoiceSDK.Telemetry.csproj", "{35C45A90-7A62-E250-13AE-9EC58AD6BDF3}"
EndProject
Project("{FAE04EC0-301F-11D3-BF4B-00C04F79EFBC}") = "Meta.WitAi.Conduit.Editor", "Meta.WitAi.Conduit.Editor.csproj", "{BD566BBB-C93D-725A-0A0A-2B9245A90345}"
EndProject
Project("{FAE04EC0-301F-11D3-BF4B-00C04F79EFBC}") = "Meta.WitAi", "Meta.WitAi.csproj", "{C981CFA8-A96D-03DA-1DC6-A7BEBBE5C873}"
EndProject
Project("{FAE04EC0-301F-11D3-BF4B-00C04F79EFBC}") = "Oculus.Interaction.OVR.Samples", "Oculus.Interaction.OVR.Samples.csproj", "{7D6071F0-1FB1-45E3-A4C5-EDD9D1D02D26}"
EndProject
Project("{FAE04EC0-301F-11D3-BF4B-00C04F79EFBC}") = "Assembly-CSharp", "Assembly-CSharp.csproj", "{92BAB6E2-DAF1-446C-419E-FFC4FDD03F43}"
EndProject
Project("{FAE04EC0-301F-11D3-BF4B-00C04F79EFBC}") = "Meta.WitAi.Lib", "Meta.WitAi.Lib.csproj", "{14ACDDCA-6DD5-2E06-19E2-D75C0AFFC682}"
EndProject
Project("{FAE04EC0-301F-11D3-BF4B-00C04F79EFBC}") = "Oculus.VR.Editor", "Oculus.VR.Editor.csproj", "{D4C328EC-E47E-3F33-4FF9-E2A5505D9516}"
EndProject
Project("{FAE04EC0-301F-11D3-BF4B-00C04F79EFBC}") = "Meta.Voice.Hub.Runtime", "Meta.Voice.Hub.Runtime.csproj", "{1EC564C7-9110-7B2F-62A3-8B84D2AEA497}"
EndProject
Project("{FAE04EC0-301F-11D3-BF4B-00C04F79EFBC}") = "Oculus.Interaction.OVR.Editor", "Oculus.Interaction.OVR.Editor.csproj", "{2B68E64E-AE94-EA3C-DDEA-1B15FC09873A}"
EndProject
Project("{FAE04EC0-301F-11D3-BF4B-00C04F79EFBC}") = "VoiceSDK.Dictation.Runtime", "VoiceSDK.Dictation.Runtime.csproj", "{90F989FE-9428-5E4E-261B-72C426CAF2B8}"
EndProject
Project("{FAE04EC0-301F-11D3-BF4B-00C04F79EFBC}") = "Oculus.LipSync", "Oculus.LipSync.csproj", "{E57F2344-414C-2742-2CD8-0EA8F3726D22}"
EndProject
Project("{FAE04EC0-301F-11D3-BF4B-00C04F79EFBC}") = "Oculus.Interaction.OVR", "Oculus.Interaction.OVR.csproj", "{2981BA91-AE48-69A5-2374-9A1BB258BC82}"
EndProject
Project("{FAE04EC0-301F-11D3-BF4B-00C04F79EFBC}") = "Meta.Voice.Hub.Editor", "Meta.Voice.Hub.Editor.csproj", "{DAC729A0-5F66-80FF-4867-69445D4D9A0D}"
EndProject
Project("{FAE04EC0-301F-11D3-BF4B-00C04F79EFBC}") = "VoiceSDK.Editor", "VoiceSDK.Editor.csproj", "{ECF6D8B5-4B7D-E001-7C82-30542364C2EC}"
EndProject
Project("{FAE04EC0-301F-11D3-BF4B-00C04F79EFBC}") = "Meta.WitAI.Lib.Editor", "Meta.WitAI.Lib.Editor.csproj", "{51023FF8-48F1-731D-2B21-8E6630C16DAE}"
EndProject
Project("{FAE04EC0-301F-11D3-BF4B-00C04F79EFBC}") = "Oculus.Spatializer.Editor", "Oculus.Spatializer.Editor.csproj", "{E69341AF-5C35-C590-F5A4-EF80E1DF1DA2}"
EndProject
Project("{FAE04EC0-301F-11D3-BF4B-00C04F79EFBC}") = "AssistantCoreSDKRuntime", "AssistantCoreSDKRuntime.csproj", "{EDE2BEDF-4A47-37D4-1AE6-57ACA7CB8BDF}"
EndProject
Project("{FAE04EC0-301F-11D3-BF4B-00C04F79EFBC}") = "Oculus.AudioManager", "Oculus.AudioManager.csproj", "{B4427467-1EEB-7488-4CBC-BBAB50644CE7}"
EndProject
Project("{FAE04EC0-301F-11D3-BF4B-00C04F79EFBC}") = "VoiceSDK.Runtime", "VoiceSDK.Runtime.csproj", "{B06AB2BF-811D-26C1-40ED-22A465F327F4}"
EndProject
Project("{FAE04EC0-301F-11D3-BF4B-00C04F79EFBC}") = "Facebook.Wit.Dictation", "Facebook.Wit.Dictation.csproj", "{B9D46018-C5BC-728A-97EF-412985838EF7}"
EndProject
Project("{FAE04EC0-301F-11D3-BF4B-00C04F79EFBC}") = "Meta.Voice.Samples.BuiltInTimer", "Meta.Voice.Samples.BuiltInTimer.csproj", "{25924C22-7881-3DE8-6998-FB0CDE33D9A1}"
EndProject
Project("{FAE04EC0-301F-11D3-BF4B-00C04F79EFBC}") = "Oculus.Platform.Editor", "Oculus.Platform.Editor.csproj", "{2CB4C2E0-4BD6-F747-99DA-7C384FA7143F}"
EndProject
Project("{FAE04EC0-301F-11D3-BF4B-00C04F79EFBC}") = "Meta.XR.BuildingBlocks.Editor", "Meta.XR.BuildingBlocks.Editor.csproj", "{49E56F65-10D5-0350-9CF7-484272F07FEF}"
EndProject
Project("{FAE04EC0-301F-11D3-BF4B-00C04F79EFBC}") = "Meta.Voice.Samples.TTSVoices", "Meta.Voice.Samples.TTSVoices.csproj", "{43C1777D-73B1-BE2D-41B4-236B0ECA6C59}"
EndProject
Project("{FAE04EC0-301F-11D3-BF4B-00C04F79EFBC}") = "Meta.Voice.VSDKHub.Editor", "Meta.Voice.VSDKHub.Editor.csproj", "{893EC341-C20B-9445-D2F2-8178EF94B810}"
EndProject
Project("{FAE04EC0-301F-11D3-BF4B-00C04F79EFBC}") = "Meta.WitAi.TTS", "Meta.WitAi.TTS.csproj", "{6AC65FBA-1D91-24B1-698D-33154BF5A329}"
EndProject
Project("{FAE04EC0-301F-11D3-BF4B-00C04F79EFBC}") = "Oculus.AudioManager.Audio.Editor", "Oculus.AudioManager.Audio.Editor.csproj", "{731EA59E-2F59-866D-2D77-62271599B692}"
EndProject
Project("{FAE04EC0-301F-11D3-BF4B-00C04F79EFBC}") = "Assembly-CSharp-Editor", "Assembly-CSharp-Editor.csproj", "{AC32BF15-874A-4313-37F8-C43EC8EAA0FB}"
EndProject
Project("{FAE04EC0-301F-11D3-BF4B-00C04F79EFBC}") = "Meta.Voice.Samples.Chess", "Meta.Voice.Samples.Chess.csproj", "{0FA801E4-1599-3CAF-8DCE-A7B8F05D065F}"
EndProject
Project("{FAE04EC0-301F-11D3-BF4B-00C04F79EFBC}") = "Oculus.VR.Scripts.Editor", "Oculus.VR.Scripts.Editor.csproj", "{6D5B462D-7CF9-B25E-1849-25DF80764B5C}"
EndProject
Project("{FAE04EC0-301F-11D3-BF4B-00C04F79EFBC}") = "Meta.Voice.Samples.LightTraits", "Meta.Voice.Samples.LightTraits.csproj", "{1AE95CEE-D8EA-644A-51B5-8246A096695F}"
EndProject
Project("{FAE04EC0-301F-11D3-BF4B-00C04F79EFBC}") = "Meta.Voice.Samples.Dictation", "Meta.Voice.Samples.Dictation.csproj", "{1F1F44AF-CB14-CB77-AC16-34F9A8F351E3}"
EndProject
Project("{FAE04EC0-301F-11D3-BF4B-00C04F79EFBC}") = "Meta.Voice.Samples.Shapes", "Meta.Voice.Samples.Shapes.csproj", "{EEF51A6D-5ED9-88CB-5AE5-CAE46A131AD5}"
EndProject
Project("{FAE04EC0-301F-11D3-BF4B-00C04F79EFBC}") = "Oculus.Interaction.Samples.Editor", "Oculus.Interaction.Samples.Editor.csproj", "{AE8C9E3E-625E-3D7C-EEBC-ACF5B8387CEA}"
EndProject
Project("{FAE04EC0-301F-11D3-BF4B-00C04F79EFBC}") = "Meta.WitAi.TTS.Editor", "Meta.WitAi.TTS.Editor.csproj", "{8D9EB6B5-0A1F-4F40-D911-734B4DF41047}"
EndProject
Project("{FAE04EC0-301F-11D3-BF4B-00C04F79EFBC}") = "Meta.XR.BuildingBlocks", "Meta.XR.BuildingBlocks.csproj", "{EC2BA02C-91DA-20CE-1779-E0EC45BD9611}"
EndProject
Project("{FAE04EC0-301F-11D3-BF4B-00C04F79EFBC}") = "Oculus.Spatializer", "Oculus.Spatializer.csproj", "{8CA195A2-2BF3-1494-2C50-1C326B6453EE}"
EndProject
Project("{FAE04EC0-301F-11D3-BF4B-00C04F79EFBC}") = "Oculus.LipSync.Editor", "Oculus.LipSync.Editor.csproj", "{D64DAA23-0FA7-1FF3-DF22-FA9A0D2E4D62}"
EndProject
Project("{FAE04EC0-301F-11D3-BF4B-00C04F79EFBC}") = "Oculus.AudioManager.Utils.Editor", "Oculus.AudioManager.Utils.Editor.csproj", "{FA192094-8374-4374-2C0D-869FD9583B72}"
EndProject
Project("{FAE04EC0-301F-11D3-BF4B-00C04F79EFBC}") = "Meta.VoiceSDK.Mic.Common", "Meta.VoiceSDK.Mic.Common.csproj", "{554DD6AA-94D4-F772-7B77-A78284E5F168}"
EndProject
Project("{FAE04EC0-301F-11D3-BF4B-00C04F79EFBC}") = "VoiceSDK.Dictation.Editor", "VoiceSDK.Dictation.Editor.csproj", "{EE8E7E75-E872-1B09-4334-5F79FC203789}"
EndProject
Project("{FAE04EC0-301F-11D3-BF4B-00C04F79EFBC}") = "Meta.VoiceSDK.Mic.Other", "Meta.VoiceSDK.Mic.Other.csproj", "{11DF19EC-074D-4A9B-EE89-2A4051D52282}"
EndProject
Project("{FAE04EC0-301F-11D3-BF4B-00C04F79EFBC}") = "AssistantCoreSDKEditor", "AssistantCoreSDKEditor.csproj", "{950C6F9C-29BE-89DD-23B5-1A2E95B38888}"
EndProject
Project("{FAE04EC0-301F-11D3-BF4B-00C04F79EFBC}") = "Oculus.Interaction.InterfaceSupport", "Oculus.Interaction.InterfaceSupport.csproj", "{3CC48D43-EB59-ED9C-8CFA-B8BF9BAB747B}"
EndProject
Project("{FAE04EC0-301F-11D3-BF4B-00C04F79EFBC}") = "Meta.Voice.Samples.LiveUnderstanding", "Meta.Voice.Samples.LiveUnderstanding.csproj", "{3C169CDD-5D91-19D1-28D4-391E6E939A84}"
EndProject
Project("{FAE04EC0-301F-11D3-BF4B-00C04F79EFBC}") = "Facebook.Wit.Dictation.Editor", "Facebook.Wit.Dictation.Editor.csproj", "{A102D580-B97F-233A-9B04-E973DC06E308}"
EndProject
Project("{FAE04EC0-301F-11D3-BF4B-00C04F79EFBC}") = "Meta.VoiceSDK.Mic.WebGL", "Meta.VoiceSDK.Mic.WebGL.csproj", "{5EFC5423-C37B-F8EE-06D3-89FF9674D2CE}"
EndProject
Global
	GlobalSection(SolutionConfigurationPlatforms) = preSolution
		Debug|Any CPU = Debug|Any CPU
		Release|Any CPU = Release|Any CPU
	EndGlobalSection
	GlobalSection(ProjectConfigurationPlatforms) = postSolution
		{51CD27BD-2599-0011-8929-02D9359959FA}.Debug|Any CPU.ActiveCfg = Debug|Any CPU
		{51CD27BD-2599-0011-8929-02D9359959FA}.Debug|Any CPU.Build.0 = Debug|Any CPU
		{51CD27BD-2599-0011-8929-02D9359959FA}.Release|Any CPU.ActiveCfg = Release|Any CPU
		{51CD27BD-2599-0011-8929-02D9359959FA}.Release|Any CPU.Build.0 = Release|Any CPU
		{CA389F89-E9F8-8882-299B-619C9BDC0C75}.Debug|Any CPU.ActiveCfg = Debug|Any CPU
		{CA389F89-E9F8-8882-299B-619C9BDC0C75}.Debug|Any CPU.Build.0 = Debug|Any CPU
		{CA389F89-E9F8-8882-299B-619C9BDC0C75}.Release|Any CPU.ActiveCfg = Release|Any CPU
		{CA389F89-E9F8-8882-299B-619C9BDC0C75}.Release|Any CPU.Build.0 = Release|Any CPU
		{8EF64184-3D16-782C-1A57-E4C5EA1E3678}.Debug|Any CPU.ActiveCfg = Debug|Any CPU
		{8EF64184-3D16-782C-1A57-E4C5EA1E3678}.Debug|Any CPU.Build.0 = Debug|Any CPU
		{8EF64184-3D16-782C-1A57-E4C5EA1E3678}.Release|Any CPU.ActiveCfg = Release|Any CPU
		{8EF64184-3D16-782C-1A57-E4C5EA1E3678}.Release|Any CPU.Build.0 = Release|Any CPU
		{7786CF15-81F7-F9C4-7E0B-8C35A0B320BF}.Debug|Any CPU.ActiveCfg = Debug|Any CPU
		{7786CF15-81F7-F9C4-7E0B-8C35A0B320BF}.Debug|Any CPU.Build.0 = Debug|Any CPU
		{7786CF15-81F7-F9C4-7E0B-8C35A0B320BF}.Release|Any CPU.ActiveCfg = Release|Any CPU
		{7786CF15-81F7-F9C4-7E0B-8C35A0B320BF}.Release|Any CPU.Build.0 = Release|Any CPU
		{A3EE4A3F-37F1-ECDD-7BC6-E2B9D9C327D0}.Debug|Any CPU.ActiveCfg = Debug|Any CPU
		{A3EE4A3F-37F1-ECDD-7BC6-E2B9D9C327D0}.Debug|Any CPU.Build.0 = Debug|Any CPU
		{A3EE4A3F-37F1-ECDD-7BC6-E2B9D9C327D0}.Release|Any CPU.ActiveCfg = Release|Any CPU
		{A3EE4A3F-37F1-ECDD-7BC6-E2B9D9C327D0}.Release|Any CPU.Build.0 = Release|Any CPU
		{7DB4F9D4-CEAA-4A99-21C7-BB2CDF5ED906}.Debug|Any CPU.ActiveCfg = Debug|Any CPU
		{7DB4F9D4-CEAA-4A99-21C7-BB2CDF5ED906}.Debug|Any CPU.Build.0 = Debug|Any CPU
		{7DB4F9D4-CEAA-4A99-21C7-BB2CDF5ED906}.Release|Any CPU.ActiveCfg = Release|Any CPU
		{7DB4F9D4-CEAA-4A99-21C7-BB2CDF5ED906}.Release|Any CPU.Build.0 = Release|Any CPU
		{A221EFC1-794A-C1AE-55F0-C9C5E9284DAE}.Debug|Any CPU.ActiveCfg = Debug|Any CPU
		{A221EFC1-794A-C1AE-55F0-C9C5E9284DAE}.Debug|Any CPU.Build.0 = Debug|Any CPU
		{A221EFC1-794A-C1AE-55F0-C9C5E9284DAE}.Release|Any CPU.ActiveCfg = Release|Any CPU
		{A221EFC1-794A-C1AE-55F0-C9C5E9284DAE}.Release|Any CPU.Build.0 = Release|Any CPU
		{35C45A90-7A62-E250-13AE-9EC58AD6BDF3}.Debug|Any CPU.ActiveCfg = Debug|Any CPU
		{35C45A90-7A62-E250-13AE-9EC58AD6BDF3}.Debug|Any CPU.Build.0 = Debug|Any CPU
		{35C45A90-7A62-E250-13AE-9EC58AD6BDF3}.Release|Any CPU.ActiveCfg = Release|Any CPU
		{35C45A90-7A62-E250-13AE-9EC58AD6BDF3}.Release|Any CPU.Build.0 = Release|Any CPU
		{BD566BBB-C93D-725A-0A0A-2B9245A90345}.Debug|Any CPU.ActiveCfg = Debug|Any CPU
		{BD566BBB-C93D-725A-0A0A-2B9245A90345}.Debug|Any CPU.Build.0 = Debug|Any CPU
		{BD566BBB-C93D-725A-0A0A-2B9245A90345}.Release|Any CPU.ActiveCfg = Release|Any CPU
		{BD566BBB-C93D-725A-0A0A-2B9245A90345}.Release|Any CPU.Build.0 = Release|Any CPU
		{C981CFA8-A96D-03DA-1DC6-A7BEBBE5C873}.Debug|Any CPU.ActiveCfg = Debug|Any CPU
		{C981CFA8-A96D-03DA-1DC6-A7BEBBE5C873}.Debug|Any CPU.Build.0 = Debug|Any CPU
		{C981CFA8-A96D-03DA-1DC6-A7BEBBE5C873}.Release|Any CPU.ActiveCfg = Release|Any CPU
		{C981CFA8-A96D-03DA-1DC6-A7BEBBE5C873}.Release|Any CPU.Build.0 = Release|Any CPU
		{7D6071F0-1FB1-45E3-A4C5-EDD9D1D02D26}.Debug|Any CPU.ActiveCfg = Debug|Any CPU
		{7D6071F0-1FB1-45E3-A4C5-EDD9D1D02D26}.Debug|Any CPU.Build.0 = Debug|Any CPU
		{7D6071F0-1FB1-45E3-A4C5-EDD9D1D02D26}.Release|Any CPU.ActiveCfg = Release|Any CPU
		{7D6071F0-1FB1-45E3-A4C5-EDD9D1D02D26}.Release|Any CPU.Build.0 = Release|Any CPU
		{92BAB6E2-DAF1-446C-419E-FFC4FDD03F43}.Debug|Any CPU.ActiveCfg = Debug|Any CPU
		{92BAB6E2-DAF1-446C-419E-FFC4FDD03F43}.Debug|Any CPU.Build.0 = Debug|Any CPU
		{92BAB6E2-DAF1-446C-419E-FFC4FDD03F43}.Release|Any CPU.ActiveCfg = Release|Any CPU
		{92BAB6E2-DAF1-446C-419E-FFC4FDD03F43}.Release|Any CPU.Build.0 = Release|Any CPU
		{14ACDDCA-6DD5-2E06-19E2-D75C0AFFC682}.Debug|Any CPU.ActiveCfg = Debug|Any CPU
		{14ACDDCA-6DD5-2E06-19E2-D75C0AFFC682}.Debug|Any CPU.Build.0 = Debug|Any CPU
		{14ACDDCA-6DD5-2E06-19E2-D75C0AFFC682}.Release|Any CPU.ActiveCfg = Release|Any CPU
		{14ACDDCA-6DD5-2E06-19E2-D75C0AFFC682}.Release|Any CPU.Build.0 = Release|Any CPU
		{D4C328EC-E47E-3F33-4FF9-E2A5505D9516}.Debug|Any CPU.ActiveCfg = Debug|Any CPU
		{D4C328EC-E47E-3F33-4FF9-E2A5505D9516}.Debug|Any CPU.Build.0 = Debug|Any CPU
		{D4C328EC-E47E-3F33-4FF9-E2A5505D9516}.Release|Any CPU.ActiveCfg = Release|Any CPU
		{D4C328EC-E47E-3F33-4FF9-E2A5505D9516}.Release|Any CPU.Build.0 = Release|Any CPU
		{1EC564C7-9110-7B2F-62A3-8B84D2AEA497}.Debug|Any CPU.ActiveCfg = Debug|Any CPU
		{1EC564C7-9110-7B2F-62A3-8B84D2AEA497}.Debug|Any CPU.Build.0 = Debug|Any CPU
		{1EC564C7-9110-7B2F-62A3-8B84D2AEA497}.Release|Any CPU.ActiveCfg = Release|Any CPU
		{1EC564C7-9110-7B2F-62A3-8B84D2AEA497}.Release|Any CPU.Build.0 = Release|Any CPU
		{2B68E64E-AE94-EA3C-DDEA-1B15FC09873A}.Debug|Any CPU.ActiveCfg = Debug|Any CPU
		{2B68E64E-AE94-EA3C-DDEA-1B15FC09873A}.Debug|Any CPU.Build.0 = Debug|Any CPU
		{2B68E64E-AE94-EA3C-DDEA-1B15FC09873A}.Release|Any CPU.ActiveCfg = Release|Any CPU
		{2B68E64E-AE94-EA3C-DDEA-1B15FC09873A}.Release|Any CPU.Build.0 = Release|Any CPU
		{90F989FE-9428-5E4E-261B-72C426CAF2B8}.Debug|Any CPU.ActiveCfg = Debug|Any CPU
		{90F989FE-9428-5E4E-261B-72C426CAF2B8}.Debug|Any CPU.Build.0 = Debug|Any CPU
		{90F989FE-9428-5E4E-261B-72C426CAF2B8}.Release|Any CPU.ActiveCfg = Release|Any CPU
		{90F989FE-9428-5E4E-261B-72C426CAF2B8}.Release|Any CPU.Build.0 = Release|Any CPU
		{E57F2344-414C-2742-2CD8-0EA8F3726D22}.Debug|Any CPU.ActiveCfg = Debug|Any CPU
		{E57F2344-414C-2742-2CD8-0EA8F3726D22}.Debug|Any CPU.Build.0 = Debug|Any CPU
		{E57F2344-414C-2742-2CD8-0EA8F3726D22}.Release|Any CPU.ActiveCfg = Release|Any CPU
		{E57F2344-414C-2742-2CD8-0EA8F3726D22}.Release|Any CPU.Build.0 = Release|Any CPU
		{2981BA91-AE48-69A5-2374-9A1BB258BC82}.Debug|Any CPU.ActiveCfg = Debug|Any CPU
		{2981BA91-AE48-69A5-2374-9A1BB258BC82}.Debug|Any CPU.Build.0 = Debug|Any CPU
		{2981BA91-AE48-69A5-2374-9A1BB258BC82}.Release|Any CPU.ActiveCfg = Release|Any CPU
		{2981BA91-AE48-69A5-2374-9A1BB258BC82}.Release|Any CPU.Build.0 = Release|Any CPU
		{DAC729A0-5F66-80FF-4867-69445D4D9A0D}.Debug|Any CPU.ActiveCfg = Debug|Any CPU
		{DAC729A0-5F66-80FF-4867-69445D4D9A0D}.Debug|Any CPU.Build.0 = Debug|Any CPU
		{DAC729A0-5F66-80FF-4867-69445D4D9A0D}.Release|Any CPU.ActiveCfg = Release|Any CPU
		{DAC729A0-5F66-80FF-4867-69445D4D9A0D}.Release|Any CPU.Build.0 = Release|Any CPU
		{ECF6D8B5-4B7D-E001-7C82-30542364C2EC}.Debug|Any CPU.ActiveCfg = Debug|Any CPU
		{ECF6D8B5-4B7D-E001-7C82-30542364C2EC}.Debug|Any CPU.Build.0 = Debug|Any CPU
		{ECF6D8B5-4B7D-E001-7C82-30542364C2EC}.Release|Any CPU.ActiveCfg = Release|Any CPU
		{ECF6D8B5-4B7D-E001-7C82-30542364C2EC}.Release|Any CPU.Build.0 = Release|Any CPU
		{51023FF8-48F1-731D-2B21-8E6630C16DAE}.Debug|Any CPU.ActiveCfg = Debug|Any CPU
		{51023FF8-48F1-731D-2B21-8E6630C16DAE}.Debug|Any CPU.Build.0 = Debug|Any CPU
		{51023FF8-48F1-731D-2B21-8E6630C16DAE}.Release|Any CPU.ActiveCfg = Release|Any CPU
		{51023FF8-48F1-731D-2B21-8E6630C16DAE}.Release|Any CPU.Build.0 = Release|Any CPU
		{E69341AF-5C35-C590-F5A4-EF80E1DF1DA2}.Debug|Any CPU.ActiveCfg = Debug|Any CPU
		{E69341AF-5C35-C590-F5A4-EF80E1DF1DA2}.Debug|Any CPU.Build.0 = Debug|Any CPU
		{E69341AF-5C35-C590-F5A4-EF80E1DF1DA2}.Release|Any CPU.ActiveCfg = Release|Any CPU
		{E69341AF-5C35-C590-F5A4-EF80E1DF1DA2}.Release|Any CPU.Build.0 = Release|Any CPU
		{EDE2BEDF-4A47-37D4-1AE6-57ACA7CB8BDF}.Debug|Any CPU.ActiveCfg = Debug|Any CPU
		{EDE2BEDF-4A47-37D4-1AE6-57ACA7CB8BDF}.Debug|Any CPU.Build.0 = Debug|Any CPU
		{EDE2BEDF-4A47-37D4-1AE6-57ACA7CB8BDF}.Release|Any CPU.ActiveCfg = Release|Any CPU
		{EDE2BEDF-4A47-37D4-1AE6-57ACA7CB8BDF}.Release|Any CPU.Build.0 = Release|Any CPU
		{B4427467-1EEB-7488-4CBC-BBAB50644CE7}.Debug|Any CPU.ActiveCfg = Debug|Any CPU
		{B4427467-1EEB-7488-4CBC-BBAB50644CE7}.Debug|Any CPU.Build.0 = Debug|Any CPU
		{B4427467-1EEB-7488-4CBC-BBAB50644CE7}.Release|Any CPU.ActiveCfg = Release|Any CPU
		{B4427467-1EEB-7488-4CBC-BBAB50644CE7}.Release|Any CPU.Build.0 = Release|Any CPU
		{B06AB2BF-811D-26C1-40ED-22A465F327F4}.Debug|Any CPU.ActiveCfg = Debug|Any CPU
		{B06AB2BF-811D-26C1-40ED-22A465F327F4}.Debug|Any CPU.Build.0 = Debug|Any CPU
		{B06AB2BF-811D-26C1-40ED-22A465F327F4}.Release|Any CPU.ActiveCfg = Release|Any CPU
		{B06AB2BF-811D-26C1-40ED-22A465F327F4}.Release|Any CPU.Build.0 = Release|Any CPU
		{B9D46018-C5BC-728A-97EF-412985838EF7}.Debug|Any CPU.ActiveCfg = Debug|Any CPU
		{B9D46018-C5BC-728A-97EF-412985838EF7}.Debug|Any CPU.Build.0 = Debug|Any CPU
		{B9D46018-C5BC-728A-97EF-412985838EF7}.Release|Any CPU.ActiveCfg = Release|Any CPU
		{B9D46018-C5BC-728A-97EF-412985838EF7}.Release|Any CPU.Build.0 = Release|Any CPU
		{25924C22-7881-3DE8-6998-FB0CDE33D9A1}.Debug|Any CPU.ActiveCfg = Debug|Any CPU
		{25924C22-7881-3DE8-6998-FB0CDE33D9A1}.Debug|Any CPU.Build.0 = Debug|Any CPU
		{25924C22-7881-3DE8-6998-FB0CDE33D9A1}.Release|Any CPU.ActiveCfg = Release|Any CPU
		{25924C22-7881-3DE8-6998-FB0CDE33D9A1}.Release|Any CPU.Build.0 = Release|Any CPU
		{2CB4C2E0-4BD6-F747-99DA-7C384FA7143F}.Debug|Any CPU.ActiveCfg = Debug|Any CPU
		{2CB4C2E0-4BD6-F747-99DA-7C384FA7143F}.Debug|Any CPU.Build.0 = Debug|Any CPU
		{2CB4C2E0-4BD6-F747-99DA-7C384FA7143F}.Release|Any CPU.ActiveCfg = Release|Any CPU
		{2CB4C2E0-4BD6-F747-99DA-7C384FA7143F}.Release|Any CPU.Build.0 = Release|Any CPU
		{49E56F65-10D5-0350-9CF7-484272F07FEF}.Debug|Any CPU.ActiveCfg = Debug|Any CPU
		{49E56F65-10D5-0350-9CF7-484272F07FEF}.Debug|Any CPU.Build.0 = Debug|Any CPU
		{49E56F65-10D5-0350-9CF7-484272F07FEF}.Release|Any CPU.ActiveCfg = Release|Any CPU
		{49E56F65-10D5-0350-9CF7-484272F07FEF}.Release|Any CPU.Build.0 = Release|Any CPU
		{43C1777D-73B1-BE2D-41B4-236B0ECA6C59}.Debug|Any CPU.ActiveCfg = Debug|Any CPU
		{43C1777D-73B1-BE2D-41B4-236B0ECA6C59}.Debug|Any CPU.Build.0 = Debug|Any CPU
		{43C1777D-73B1-BE2D-41B4-236B0ECA6C59}.Release|Any CPU.ActiveCfg = Release|Any CPU
		{43C1777D-73B1-BE2D-41B4-236B0ECA6C59}.Release|Any CPU.Build.0 = Release|Any CPU
		{893EC341-C20B-9445-D2F2-8178EF94B810}.Debug|Any CPU.ActiveCfg = Debug|Any CPU
		{893EC341-C20B-9445-D2F2-8178EF94B810}.Debug|Any CPU.Build.0 = Debug|Any CPU
		{893EC341-C20B-9445-D2F2-8178EF94B810}.Release|Any CPU.ActiveCfg = Release|Any CPU
		{893EC341-C20B-9445-D2F2-8178EF94B810}.Release|Any CPU.Build.0 = Release|Any CPU
		{6AC65FBA-1D91-24B1-698D-33154BF5A329}.Debug|Any CPU.ActiveCfg = Debug|Any CPU
		{6AC65FBA-1D91-24B1-698D-33154BF5A329}.Debug|Any CPU.Build.0 = Debug|Any CPU
		{6AC65FBA-1D91-24B1-698D-33154BF5A329}.Release|Any CPU.ActiveCfg = Release|Any CPU
		{6AC65FBA-1D91-24B1-698D-33154BF5A329}.Release|Any CPU.Build.0 = Release|Any CPU
		{731EA59E-2F59-866D-2D77-62271599B692}.Debug|Any CPU.ActiveCfg = Debug|Any CPU
		{731EA59E-2F59-866D-2D77-62271599B692}.Debug|Any CPU.Build.0 = Debug|Any CPU
		{731EA59E-2F59-866D-2D77-62271599B692}.Release|Any CPU.ActiveCfg = Release|Any CPU
		{731EA59E-2F59-866D-2D77-62271599B692}.Release|Any CPU.Build.0 = Release|Any CPU
		{AC32BF15-874A-4313-37F8-C43EC8EAA0FB}.Debug|Any CPU.ActiveCfg = Debug|Any CPU
		{AC32BF15-874A-4313-37F8-C43EC8EAA0FB}.Debug|Any CPU.Build.0 = Debug|Any CPU
		{AC32BF15-874A-4313-37F8-C43EC8EAA0FB}.Release|Any CPU.ActiveCfg = Release|Any CPU
		{AC32BF15-874A-4313-37F8-C43EC8EAA0FB}.Release|Any CPU.Build.0 = Release|Any CPU
		{0FA801E4-1599-3CAF-8DCE-A7B8F05D065F}.Debug|Any CPU.ActiveCfg = Debug|Any CPU
		{0FA801E4-1599-3CAF-8DCE-A7B8F05D065F}.Debug|Any CPU.Build.0 = Debug|Any CPU
		{0FA801E4-1599-3CAF-8DCE-A7B8F05D065F}.Release|Any CPU.ActiveCfg = Release|Any CPU
		{0FA801E4-1599-3CAF-8DCE-A7B8F05D065F}.Release|Any CPU.Build.0 = Release|Any CPU
		{6D5B462D-7CF9-B25E-1849-25DF80764B5C}.Debug|Any CPU.ActiveCfg = Debug|Any CPU
		{6D5B462D-7CF9-B25E-1849-25DF80764B5C}.Debug|Any CPU.Build.0 = Debug|Any CPU
		{6D5B462D-7CF9-B25E-1849-25DF80764B5C}.Release|Any CPU.ActiveCfg = Release|Any CPU
		{6D5B462D-7CF9-B25E-1849-25DF80764B5C}.Release|Any CPU.Build.0 = Release|Any CPU
		{1AE95CEE-D8EA-644A-51B5-8246A096695F}.Debug|Any CPU.ActiveCfg = Debug|Any CPU
		{1AE95CEE-D8EA-644A-51B5-8246A096695F}.Debug|Any CPU.Build.0 = Debug|Any CPU
		{1AE95CEE-D8EA-644A-51B5-8246A096695F}.Release|Any CPU.ActiveCfg = Release|Any CPU
		{1AE95CEE-D8EA-644A-51B5-8246A096695F}.Release|Any CPU.Build.0 = Release|Any CPU
		{1F1F44AF-CB14-CB77-AC16-34F9A8F351E3}.Debug|Any CPU.ActiveCfg = Debug|Any CPU
		{1F1F44AF-CB14-CB77-AC16-34F9A8F351E3}.Debug|Any CPU.Build.0 = Debug|Any CPU
		{1F1F44AF-CB14-CB77-AC16-34F9A8F351E3}.Release|Any CPU.ActiveCfg = Release|Any CPU
		{1F1F44AF-CB14-CB77-AC16-34F9A8F351E3}.Release|Any CPU.Build.0 = Release|Any CPU
		{EEF51A6D-5ED9-88CB-5AE5-CAE46A131AD5}.Debug|Any CPU.ActiveCfg = Debug|Any CPU
		{EEF51A6D-5ED9-88CB-5AE5-CAE46A131AD5}.Debug|Any CPU.Build.0 = Debug|Any CPU
		{EEF51A6D-5ED9-88CB-5AE5-CAE46A131AD5}.Release|Any CPU.ActiveCfg = Release|Any CPU
		{EEF51A6D-5ED9-88CB-5AE5-CAE46A131AD5}.Release|Any CPU.Build.0 = Release|Any CPU
		{AE8C9E3E-625E-3D7C-EEBC-ACF5B8387CEA}.Debug|Any CPU.ActiveCfg = Debug|Any CPU
		{AE8C9E3E-625E-3D7C-EEBC-ACF5B8387CEA}.Debug|Any CPU.Build.0 = Debug|Any CPU
		{AE8C9E3E-625E-3D7C-EEBC-ACF5B8387CEA}.Release|Any CPU.ActiveCfg = Release|Any CPU
		{AE8C9E3E-625E-3D7C-EEBC-ACF5B8387CEA}.Release|Any CPU.Build.0 = Release|Any CPU
		{8D9EB6B5-0A1F-4F40-D911-734B4DF41047}.Debug|Any CPU.ActiveCfg = Debug|Any CPU
		{8D9EB6B5-0A1F-4F40-D911-734B4DF41047}.Debug|Any CPU.Build.0 = Debug|Any CPU
		{8D9EB6B5-0A1F-4F40-D911-734B4DF41047}.Release|Any CPU.ActiveCfg = Release|Any CPU
		{8D9EB6B5-0A1F-4F40-D911-734B4DF41047}.Release|Any CPU.Build.0 = Release|Any CPU
		{EC2BA02C-91DA-20CE-1779-E0EC45BD9611}.Debug|Any CPU.ActiveCfg = Debug|Any CPU
		{EC2BA02C-91DA-20CE-1779-E0EC45BD9611}.Debug|Any CPU.Build.0 = Debug|Any CPU
		{EC2BA02C-91DA-20CE-1779-E0EC45BD9611}.Release|Any CPU.ActiveCfg = Release|Any CPU
		{EC2BA02C-91DA-20CE-1779-E0EC45BD9611}.Release|Any CPU.Build.0 = Release|Any CPU
		{8CA195A2-2BF3-1494-2C50-1C326B6453EE}.Debug|Any CPU.ActiveCfg = Debug|Any CPU
		{8CA195A2-2BF3-1494-2C50-1C326B6453EE}.Debug|Any CPU.Build.0 = Debug|Any CPU
		{8CA195A2-2BF3-1494-2C50-1C326B6453EE}.Release|Any CPU.ActiveCfg = Release|Any CPU
		{8CA195A2-2BF3-1494-2C50-1C326B6453EE}.Release|Any CPU.Build.0 = Release|Any CPU
		{D64DAA23-0FA7-1FF3-DF22-FA9A0D2E4D62}.Debug|Any CPU.ActiveCfg = Debug|Any CPU
		{D64DAA23-0FA7-1FF3-DF22-FA9A0D2E4D62}.Debug|Any CPU.Build.0 = Debug|Any CPU
		{D64DAA23-0FA7-1FF3-DF22-FA9A0D2E4D62}.Release|Any CPU.ActiveCfg = Release|Any CPU
		{D64DAA23-0FA7-1FF3-DF22-FA9A0D2E4D62}.Release|Any CPU.Build.0 = Release|Any CPU
		{FA192094-8374-4374-2C0D-869FD9583B72}.Debug|Any CPU.ActiveCfg = Debug|Any CPU
		{FA192094-8374-4374-2C0D-869FD9583B72}.Debug|Any CPU.Build.0 = Debug|Any CPU
		{FA192094-8374-4374-2C0D-869FD9583B72}.Release|Any CPU.ActiveCfg = Release|Any CPU
		{FA192094-8374-4374-2C0D-869FD9583B72}.Release|Any CPU.Build.0 = Release|Any CPU
		{554DD6AA-94D4-F772-7B77-A78284E5F168}.Debug|Any CPU.ActiveCfg = Debug|Any CPU
		{554DD6AA-94D4-F772-7B77-A78284E5F168}.Debug|Any CPU.Build.0 = Debug|Any CPU
		{554DD6AA-94D4-F772-7B77-A78284E5F168}.Release|Any CPU.ActiveCfg = Release|Any CPU
		{554DD6AA-94D4-F772-7B77-A78284E5F168}.Release|Any CPU.Build.0 = Release|Any CPU
		{EE8E7E75-E872-1B09-4334-5F79FC203789}.Debug|Any CPU.ActiveCfg = Debug|Any CPU
		{EE8E7E75-E872-1B09-4334-5F79FC203789}.Debug|Any CPU.Build.0 = Debug|Any CPU
		{EE8E7E75-E872-1B09-4334-5F79FC203789}.Release|Any CPU.ActiveCfg = Release|Any CPU
		{EE8E7E75-E872-1B09-4334-5F79FC203789}.Release|Any CPU.Build.0 = Release|Any CPU
		{11DF19EC-074D-4A9B-EE89-2A4051D52282}.Debug|Any CPU.ActiveCfg = Debug|Any CPU
		{11DF19EC-074D-4A9B-EE89-2A4051D52282}.Debug|Any CPU.Build.0 = Debug|Any CPU
		{11DF19EC-074D-4A9B-EE89-2A4051D52282}.Release|Any CPU.ActiveCfg = Release|Any CPU
		{11DF19EC-074D-4A9B-EE89-2A4051D52282}.Release|Any CPU.Build.0 = Release|Any CPU
		{950C6F9C-29BE-89DD-23B5-1A2E95B38888}.Debug|Any CPU.ActiveCfg = Debug|Any CPU
		{950C6F9C-29BE-89DD-23B5-1A2E95B38888}.Debug|Any CPU.Build.0 = Debug|Any CPU
		{950C6F9C-29BE-89DD-23B5-1A2E95B38888}.Release|Any CPU.ActiveCfg = Release|Any CPU
		{950C6F9C-29BE-89DD-23B5-1A2E95B38888}.Release|Any CPU.Build.0 = Release|Any CPU
		{3CC48D43-EB59-ED9C-8CFA-B8BF9BAB747B}.Debug|Any CPU.ActiveCfg = Debug|Any CPU
		{3CC48D43-EB59-ED9C-8CFA-B8BF9BAB747B}.Debug|Any CPU.Build.0 = Debug|Any CPU
		{3CC48D43-EB59-ED9C-8CFA-B8BF9BAB747B}.Release|Any CPU.ActiveCfg = Release|Any CPU
		{3CC48D43-EB59-ED9C-8CFA-B8BF9BAB747B}.Release|Any CPU.Build.0 = Release|Any CPU
		{3C169CDD-5D91-19D1-28D4-391E6E939A84}.Debug|Any CPU.ActiveCfg = Debug|Any CPU
		{3C169CDD-5D91-19D1-28D4-391E6E939A84}.Debug|Any CPU.Build.0 = Debug|Any CPU
		{3C169CDD-5D91-19D1-28D4-391E6E939A84}.Release|Any CPU.ActiveCfg = Release|Any CPU
		{3C169CDD-5D91-19D1-28D4-391E6E939A84}.Release|Any CPU.Build.0 = Release|Any CPU
		{A102D580-B97F-233A-9B04-E973DC06E308}.Debug|Any CPU.ActiveCfg = Debug|Any CPU
		{A102D580-B97F-233A-9B04-E973DC06E308}.Debug|Any CPU.Build.0 = Debug|Any CPU
		{A102D580-B97F-233A-9B04-E973DC06E308}.Release|Any CPU.ActiveCfg = Release|Any CPU
		{A102D580-B97F-233A-9B04-E973DC06E308}.Release|Any CPU.Build.0 = Release|Any CPU
		{5EFC5423-C37B-F8EE-06D3-89FF9674D2CE}.Debug|Any CPU.ActiveCfg = Debug|Any CPU
		{5EFC5423-C37B-F8EE-06D3-89FF9674D2CE}.Debug|Any CPU.Build.0 = Debug|Any CPU
		{5EFC5423-C37B-F8EE-06D3-89FF9674D2CE}.Release|Any CPU.ActiveCfg = Release|Any CPU
		{5EFC5423-C37B-F8EE-06D3-89FF9674D2CE}.Release|Any CPU.Build.0 = Release|Any CPU
	EndGlobalSection
	GlobalSection(SolutionProperties) = preSolution
		HideSolutionNode = FALSE
	EndGlobalSection
EndGlobal
